
Microsoft Visual Studio Solution File, Format Version 12.00
# Visual Studio 15
VisualStudioVersion = 15.0.28307.1585
MinimumVisualStudioVersion = 10.0.40219.1
Project("{8BC9CEB8-8B4A-11D0-8D11-00A0C91BC942}") = "21_08_07_P17P18_Game_Three-son chess", "21_08_07_P17P18_Game_Three-son chess\21_08_07_P17P18_Game_Three-son chess.vcxproj", "{DBC79E6B-DE11-469E-87D3-CF4D98C83FFB}"
EndProject
Global
	GlobalSection(SolutionConfigurationPlatforms) = preSolution
		Debug|x64 = Debug|x64
		Debug|x86 = Debug|x86
		Release|x64 = Release|x64
		Release|x86 = Release|x86
	EndGlobalSection
	GlobalSection(ProjectConfigurationPlatforms) = postSolution
		{DBC79E6B-DE11-469E-87D3-CF4D98C83FFB}.Debug|x64.ActiveCfg = Debug|x64
		{DBC79E6B-DE11-469E-87D3-CF4D98C83FFB}.Debug|x64.Build.0 = Debug|x64
		{DBC79E6B-DE11-469E-87D3-CF4D98C83FFB}.Debug|x86.ActiveCfg = Debug|Win32
		{DBC79E6B-DE11-469E-87D3-CF4D98C83FFB}.Debug|x86.Build.0 = Debug|Win32
		{DBC79E6B-DE11-469E-87D3-CF4D98C83FFB}.Release|x64.ActiveCfg = Release|x64
		{DBC79E6B-DE11-469E-87D3-CF4D98C83FFB}.Release|x64.Build.0 = Release|x64
		{DBC79E6B-DE11-469E-87D3-CF4D98C83FFB}.Release|x86.ActiveCfg = Release|Win32
		{DBC79E6B-DE11-469E-87D3-CF4D98C83FFB}.Release|x86.Build.0 = Release|Win32
	EndGlobalSection
	GlobalSection(SolutionProperties) = preSolution
		HideSolutionNode = FALSE
	EndGlobalSection
	GlobalSection(ExtensibilityGlobals) = postSolution
		SolutionGuid = {7BCC045F-0F2D-4D9D-8E55-919C5C582DB2}
	EndGlobalSection
EndGlobal
